
Microsoft Visual Studio Solution File, Format Version 12.00
# Visual Studio 2012
Project("{FAE04EC0-301F-11D3-BF4B-00C04F79EFBC}") = "RangeControl", "RangeControl\RangeControl.csproj", "{3927DD62-1164-484B-9DAD-192DD87986FB}"
EndProject
Project("{FAE04EC0-301F-11D3-BF4B-00C04F79EFBC}") = "IntegrationArcMap_2012", "IntegrationArcMap\IntegrationArcMap_2012.csproj", "{A76A4B7D-B4B0-470E-9773-16105D5E3A51}"
EndProject
Global
	GlobalSection(SolutionConfigurationPlatforms) = preSolution
		Debug|Any CPU = Debug|Any CPU
		Release|Any CPU = Release|Any CPU
	EndGlobalSection
	GlobalSection(ProjectConfigurationPlatforms) = postSolution
		{3927DD62-1164-484B-9DAD-192DD87986FB}.Debug|Any CPU.ActiveCfg = Debug|Any CPU
		{3927DD62-1164-484B-9DAD-192DD87986FB}.Debug|Any CPU.Build.0 = Debug|Any CPU
		{3927DD62-1164-484B-9DAD-192DD87986FB}.Release|Any CPU.ActiveCfg = Release|Any CPU
		{3927DD62-1164-484B-9DAD-192DD87986FB}.Release|Any CPU.Build.0 = Release|Any CPU
		{A76A4B7D-B4B0-470E-9773-16105D5E3A51}.Debug|Any CPU.ActiveCfg = Debug|Any CPU
		{A76A4B7D-B4B0-470E-9773-16105D5E3A51}.Debug|Any CPU.Build.0 = Debug|Any CPU
		{A76A4B7D-B4B0-470E-9773-16105D5E3A51}.Release|Any CPU.ActiveCfg = Release|Any CPU
		{A76A4B7D-B4B0-470E-9773-16105D5E3A51}.Release|Any CPU.Build.0 = Release|Any CPU
	EndGlobalSection
	GlobalSection(SolutionProperties) = preSolution
		HideSolutionNode = FALSE
	EndGlobalSection
EndGlobal
